
Microsoft Visual Studio Solution File, Format Version 12.00
# Visual Studio Version 17
VisualStudioVersion = 17.3.32901.215
MinimumVisualStudioVersion = 10.0.40219.1
Project("{FAE04EC0-301F-11D3-BF4B-00C04F79EFBC}") = "lab1_with_extracted_method", "lab1_with_extracted_method.csproj", "{24A496CD-EC4E-4EBB-AD75-5C0C0EFDC4D8}"
EndProject
Global
	GlobalSection(SolutionConfigurationPlatforms) = preSolution
		Debug|Any CPU = Debug|Any CPU
		Release|Any CPU = Release|Any CPU
	EndGlobalSection
	GlobalSection(ProjectConfigurationPlatforms) = postSolution
		{24A496CD-EC4E-4EBB-AD75-5C0C0EFDC4D8}.Debug|Any CPU.ActiveCfg = Debug|Any CPU
		{24A496CD-EC4E-4EBB-AD75-5C0C0EFDC4D8}.Debug|Any CPU.Build.0 = Debug|Any CPU
		{24A496CD-EC4E-4EBB-AD75-5C0C0EFDC4D8}.Release|Any CPU.ActiveCfg = Release|Any CPU
		{24A496CD-EC4E-4EBB-AD75-5C0C0EFDC4D8}.Release|Any CPU.Build.0 = Release|Any CPU
	EndGlobalSection
	GlobalSection(SolutionProperties) = preSolution
		HideSolutionNode = FALSE
	EndGlobalSection
	GlobalSection(ExtensibilityGlobals) = postSolution
		SolutionGuid = {BB8782D1-9F42-4685-8447-6B8E6181678C}
	EndGlobalSection
EndGlobal
